
Microsoft Visual Studio Solution File, Format Version 12.00
# Visual Studio Version 17
VisualStudioVersion = 17.6.33723.286
MinimumVisualStudioVersion = 10.0.40219.1
Project("{FAE04EC0-301F-11D3-BF4B-00C04F79EFBC}") = "CodingChallenge", "CodingChallenge\CodingChallenge.csproj", "{E3634CEE-EE2B-46C4-9257-39137026A440}"
EndProject
Project("{FAE04EC0-301F-11D3-BF4B-00C04F79EFBC}") = "RomanNumeralsReduction", "RomanNumeralsReduction\RomanNumeralsReduction.csproj", "{ED303B39-2E72-4042-870A-31D8E2731287}"
EndProject
Project("{FAE04EC0-301F-11D3-BF4B-00C04F79EFBC}") = "Wildcards", "Wildcards\Wildcards.csproj", "{C48AFC9F-8255-4BB1-B299-81144DDB72F7}"
EndProject
Global
	GlobalSection(SolutionConfigurationPlatforms) = preSolution
		Debug|Any CPU = Debug|Any CPU
		Release|Any CPU = Release|Any CPU
	EndGlobalSection
	GlobalSection(ProjectConfigurationPlatforms) = postSolution
		{E3634CEE-EE2B-46C4-9257-39137026A440}.Debug|Any CPU.ActiveCfg = Debug|Any CPU
		{E3634CEE-EE2B-46C4-9257-39137026A440}.Debug|Any CPU.Build.0 = Debug|Any CPU
		{E3634CEE-EE2B-46C4-9257-39137026A440}.Release|Any CPU.ActiveCfg = Release|Any CPU
		{E3634CEE-EE2B-46C4-9257-39137026A440}.Release|Any CPU.Build.0 = Release|Any CPU
		{ED303B39-2E72-4042-870A-31D8E2731287}.Debug|Any CPU.ActiveCfg = Debug|Any CPU
		{ED303B39-2E72-4042-870A-31D8E2731287}.Debug|Any CPU.Build.0 = Debug|Any CPU
		{ED303B39-2E72-4042-870A-31D8E2731287}.Release|Any CPU.ActiveCfg = Release|Any CPU
		{ED303B39-2E72-4042-870A-31D8E2731287}.Release|Any CPU.Build.0 = Release|Any CPU
		{C48AFC9F-8255-4BB1-B299-81144DDB72F7}.Debug|Any CPU.ActiveCfg = Debug|Any CPU
		{C48AFC9F-8255-4BB1-B299-81144DDB72F7}.Debug|Any CPU.Build.0 = Debug|Any CPU
		{C48AFC9F-8255-4BB1-B299-81144DDB72F7}.Release|Any CPU.ActiveCfg = Release|Any CPU
		{C48AFC9F-8255-4BB1-B299-81144DDB72F7}.Release|Any CPU.Build.0 = Release|Any CPU
	EndGlobalSection
	GlobalSection(SolutionProperties) = preSolution
		HideSolutionNode = FALSE
	EndGlobalSection
	GlobalSection(ExtensibilityGlobals) = postSolution
		SolutionGuid = {16FE2B4C-BD6D-4C90-9609-C4B0B4A16B5E}
	EndGlobalSection
EndGlobal
